// !$*UTF8*$!
{
	archiveVersion = 1;
	classes = {
	};
	objectVersion = 46;
	objects = {

/* Begin PBXBuildFile section */
		0C9E4FED1517FB6D00A599AA /* UIKit.framework in Frameworks */ = {isa = PBXBuildFile; fileRef = 0C9E4FEC1517FB6D00A599AA /* UIKit.framework */; };
		0C9E4FEF1517FB6D00A599AA /* Foundation.framework in Frameworks */ = {isa = PBXBuildFile; fileRef = 0C9E4FEE1517FB6D00A599AA /* Foundation.framework */; };
		0C9E4FF11517FB6D00A599AA /* CoreGraphics.framework in Frameworks */ = {isa = PBXBuildFile; fileRef = 0C9E4FF01517FB6D00A599AA /* CoreGraphics.framework */; };
		0C9E4FF71517FB6D00A599AA /* InfoPlist.strings in Resources */ = {isa = PBXBuildFile; fileRef = 0C9E4FF51517FB6D00A599AA /* InfoPlist.strings */; };
		0C9E4FF91517FB6D00A599AA /* main.m in Sources */ = {isa = PBXBuildFile; fileRef = 0C9E4FF81517FB6D00A599AA /* main.m */; };
		0C9E4FFD1517FB6D00A599AA /* AppDelegate.m in Sources */ = {isa = PBXBuildFile; fileRef = 0C9E4FFC1517FB6D00A599AA /* AppDelegate.m */; };
		0C9E50001517FB6D00A599AA /* ViewController.m in Sources */ = {isa = PBXBuildFile; fileRef = 0C9E4FFF1517FB6D00A599AA /* ViewController.m */; };
		0C9E50031517FB6D00A599AA /* ViewController.xib in Resources */ = {isa = PBXBuildFile; fileRef = 0C9E50011517FB6D00A599AA /* ViewController.xib */; };
/* End PBXBuildFile section */

/* Begin PBXFileReference section */
		0C9E4FE81517FB6D00A599AA /* BackButtonExample.app */ = {isa = PBXFileReference; explicitFileType = wrapper.application; includeInIndex = 0; path = BackButtonExample.app; sourceTree = BUILT_PRODUCTS_DIR; };
		0C9E4FEC1517FB6D00A599AA /* UIKit.framework */ = {isa = PBXFileReference; lastKnownFileType = wrapper.framework; name = UIKit.framework; path = System/Library/Frameworks/UIKit.framework; sourceTree = SDKROOT; };
		0C9E4FEE1517FB6D00A599AA /* Foundation.framework */ = {isa = PBXFileReference; lastKnownFileType = wrapper.framework; name = Foundation.framework; path = System/Library/Frameworks/Foundation.framework; sourceTree = SDKROOT; };
		0C9E4FF01517FB6D00A599AA /* CoreGraphics.framework */ = {isa = PBXFileReference; lastKnownFileType = wrapper.framework; name = CoreGraphics.framework; path = System/Library/Frameworks/CoreGraphics.framework; sourceTree = SDKROOT; };
		0C9E4FF41517FB6D00A599AA /* BackButtonExample-Info.plist */ = {isa = PBXFileReference; path = "BackButtonExample-Info.plist"; sourceTree = "<group>"; };
		0C9E4FF61517FB6D00A599AA /* en */ = {isa = PBXFileReference; lastKnownFileType = text.plist.strings; name = en; path = en.lproj/InfoPlist.strings; sourceTree = "<group>"; };
		0C9E4FF81517FB6D00A599AA /* main.m */ = {isa = PBXFileReference; lastKnownFileType = sourcecode.c.objc; path = main.m; sourceTree = "<group>"; };
		0C9E4FFA1517FB6D00A599AA /* BackButtonExample-Prefix.pch */ = {isa = PBXFileReference; path = "BackButtonExample-Prefix.pch"; sourceTree = "<group>"; };
		0C9E4FFB1517FB6D00A599AA /* AppDelegate.h */ = {isa = PBXFileReference; path = AppDelegate.h; sourceTree = "<group>"; };
		0C9E4FFC1517FB6D00A599AA /* AppDelegate.m */ = {isa = PBXFileReference; lastKnownFileType = sourcecode.c.objc; path = AppDelegate.m; sourceTree = "<group>"; };
		0C9E4FFE1517FB6D00A599AA /* ViewController.h */ = {isa = PBXFileReference; path = ViewController.h; sourceTree = "<group>"; };
		0C9E4FFF1517FB6D00A599AA /* ViewController.m */ = {isa = PBXFileReference; lastKnownFileType = sourcecode.c.objc; path = ViewController.m; sourceTree = "<group>"; };
		0C9E50021517FB6D00A599AA /* en */ = {isa = PBXFileReference; lastKnownFileType = file.xib; name = en; path = en.lproj/ViewController.xib; sourceTree = "<group>"; };
/* End PBXFileReference section */

/* Begin PBXFrameworksBuildPhase section */
		0C9E4FE51517FB6D00A599AA /* Frameworks */ = {
			isa = PBXFrameworksBuildPhase;
			buildActionMask = 2147483647;
			files = (
				0C9E4FED1517FB6D00A599AA /* UIKit.framework in Frameworks */,
				0C9E4FEF1517FB6D00A599AA /* Foundation.framework in Frameworks */,
				0C9E4FF11517FB6D00A599AA /* CoreGraphics.framework in Frameworks */,
			);
			runOnlyForDeploymentPostprocessing = 0;
		};
/* End PBXFrameworksBuildPhase section */

/* Begin PBXGroup section */
		0C9E4FDD1517FB6C00A599AA = {
			isa = PBXGroup;
			children = (
				0C9E4FF21517FB6D00A599AA /* BackButtonExample */,
				0C9E4FEB1517FB6D00A599AA /* Frameworks */,
				0C9E4FE91517FB6D00A599AA /* Products */,
			);
			sourceTree = "<group>";
		};
		0C9E4FE91517FB6D00A599AA /* Products */ = {
			isa = PBXGroup;
			children = (
				0C9E4FE81517FB6D00A599AA /* BackButtonExample.app */,
			);
			name = Products;
			sourceTree = "<group>";
		};
		0C9E4FEB1517FB6D00A599AA /* Frameworks */ = {
			isa = PBXGroup;
			children = (
				0C9E4FEC1517FB6D00A599AA /* UIKit.framework */,
				0C9E4FEE1517FB6D00A599AA /* Foundation.framework */,
				0C9E4FF01517FB6D00A599AA /* CoreGraphics.framework */,
			);
			name = Frameworks;
			sourceTree = "<group>";
		};
		0C9E4FF21517FB6D00A599AA /* BackButtonExample */ = {
			isa = PBXGroup;
			children = (
				0C9E4FFB1517FB6D00A599AA /* AppDelegate.h */,
				0C9E4FFC1517FB6D00A599AA /* AppDelegate.m */,
				0C9E4FFE1517FB6D00A599AA /* ViewController.h */,
				0C9E4FFF1517FB6D00A599AA /* ViewController.m */,
				0C9E50011517FB6D00A599AA /* ViewController.xib */,
				0C9E4FF31517FB6D00A599AA /* Supporting Files */,
			);
			path = BackButtonExample;
			sourceTree = "<group>";
		};
		0C9E4FF31517FB6D00A599AA /* Supporting Files */ = {
			isa = PBXGroup;
			children = (
				0C9E4FF41517FB6D00A599AA /* BackButtonExample-Info.plist */,
				0C9E4FF51517FB6D00A599AA /* InfoPlist.strings */,
				0C9E4FF81517FB6D00A599AA /* main.m */,
				0C9E4FFA1517FB6D00A599AA /* BackButtonExample-Prefix.pch */,
			);
			name = "Supporting Files";
			sourceTree = "<group>";
		};
/* End PBXGroup section */

/* Begin PBXNativeTarget section */
		0C9E4FE71517FB6D00A599AA /* BackButtonExample */ = {
			isa = PBXNativeTarget;
			buildConfigurationList = 0C9E50061517FB6D00A599AA /* Build configuration list for PBXNativeTarget "BackButtonExample" */;
			buildPhases = (
				0C9E4FE41517FB6D00A599AA /* Sources */,
				0C9E4FE51517FB6D00A599AA /* Frameworks */,
				0C9E4FE61517FB6D00A599AA /* Resources */,
			);
			buildRules = (
			);
			dependencies = (
			);
			name = BackButtonExample;
			productName = BackButtonExample;
			productReference = 0C9E4FE81517FB6D00A599AA /* BackButtonExample.app */;
			productType = "com.apple.product-type.application";
		};
/* End PBXNativeTarget section */

/* Begin PBXProject section */
		0C9E4FDF1517FB6C00A599AA /* Project object */ = {
			isa = PBXProject;
			attributes = {
				LastUpgradeCheck = 0430;
				ORGANIZATIONNAME = "Force Grind Inc.";
			};
			buildConfigurationList = 0C9E4FE21517FB6C00A599AA /* Build configuration list for PBXProject "BackButtonExample" */;
			compatibilityVersion = "Xcode 3.2";
			developmentRegion = English;
			hasScannedForEncodings = 0;
			knownRegions = (
				en,
			);
			mainGroup = 0C9E4FDD1517FB6C00A599AA;
			productRefGroup = 0C9E4FE91517FB6D00A599AA /* Products */;
			projectDirPath = "";
			projectRoot = "";
			targets = (
				0C9E4FE71517FB6D00A599AA /* BackButtonExample */,
			);
		};
/* End PBXProject section */

/* Begin PBXResourcesBuildPhase section */
		0C9E4FE61517FB6D00A599AA /* Resources */ = {
			isa = PBXResourcesBuildPhase;
			buildActionMask = 2147483647;
			files = (
				0C9E4FF71517FB6D00A599AA /* InfoPlist.strings in Resources */,
				0C9E50031517FB6D00A599AA /* ViewController.xib in Resources */,
			);
			runOnlyForDeploymentPostprocessing = 0;
		};
/* End PBXResourcesBuildPhase section */

/* Begin PBXSourcesBuildPhase section */
		0C9E4FE41517FB6D00A599AA /* Sources */ = {
			isa = PBXSourcesBuildPhase;
			buildActionMask = 2147483647;
			files = (
				0C9E4FF91517FB6D00A599AA /* main.m in Sources */,
				0C9E4FFD1517FB6D00A599AA /* AppDelegate.m in Sources */,
				0C9E50001517FB6D00A599AA /* ViewController.m in Sources */,
			);
			runOnlyForDeploymentPostprocessing = 0;
		};
/* End PBXSourcesBuildPhase section */

/* Begin PBXVariantGroup section */
		0C9E4FF51517FB6D00A599AA /* InfoPlist.strings */ = {
			isa = PBXVariantGroup;
			children = (
				0C9E4FF61517FB6D00A599AA /* en */,
			);
			name = InfoPlist.strings;
			sourceTree = "<group>";
		};
		0C9E50011517FB6D00A599AA /* ViewController.xib */ = {
			isa = PBXVariantGroup;
			children = (
				0C9E50021517FB6D00A599AA /* en */,
			);
			name = ViewController.xib;
			sourceTree = "<group>";
		};
/* End PBXVariantGroup section */

/* Begin XCBuildConfiguration section */
		0C9E50041517FB6D00A599AA /* Debug */ = {
			isa = XCBuildConfiguration;
			buildSettings = {
				ALWAYS_SEARCH_USER_PATHS = NO;
				ARCHS = "$(ARCHS_STANDARD_32_BIT)";
				CLANG_ENABLE_OBJC_ARC = YES;
				"CODE_SIGN_IDENTITY[sdk=iphoneos*]" = "iPhone Developer";
				COPY_PHASE_STRIP = NO;
				GCC_C_LANGUAGE_STANDARD = gnu99;
				GCC_DYNAMIC_NO_PIC = NO;
				GCC_OPTIMIZATION_LEVEL = 0;
				GCC_PREPROCESSOR_DEFINITIONS = (
					"DEBUG=1",
					"$(inherited)",
				);
				GCC_SYMBOLS_PRIVATE_EXTERN = NO;
				GCC_VERSION = com.apple.compilers.llvm.clang.1_0;
				GCC_WARN_ABOUT_RETURN_TYPE = YES;
				GCC_WARN_UNINITIALIZED_AUTOS = YES;
				GCC_WARN_UNUSED_VARIABLE = YES;
				IPHONEOS_DEPLOYMENT_TARGET = 5.1;
				SDKROOT = iphoneos;
			};
			name = Debug;
		};
		0C9E50051517FB6D00A599AA /* Release */ = {
			isa = XCBuildConfiguration;
			buildSettings = {
				ALWAYS_SEARCH_USER_PATHS = NO;
				ARCHS = "$(ARCHS_STANDARD_32_BIT)";
				CLANG_ENABLE_OBJC_ARC = YES;
				"CODE_SIGN_IDENTITY[sdk=iphoneos*]" = "iPhone Developer";
				COPY_PHASE_STRIP = YES;
				GCC_C_LANGUAGE_STANDARD = gnu99;
				GCC_VERSION = com.apple.compilers.llvm.clang.1_0;
				GCC_WARN_ABOUT_RETURN_TYPE = YES;
				GCC_WARN_UNINITIALIZED_AUTOS = YES;
				GCC_WARN_UNUSED_VARIABLE = YES;
				IPHONEOS_DEPLOYMENT_TARGET = 5.1;
				OTHER_CFLAGS = "-DNS_BLOCK_ASSERTIONS=1";
				SDKROOT = iphoneos;
				VALIDATE_PRODUCT = YES;
			};
			name = Release;
		};
		0C9E50071517FB6D00A599AA /* Debug */ = {
			isa = XCBuildConfiguration;
			buildSettings = {
				GCC_PRECOMPILE_PREFIX_HEADER = YES;
				GCC_PREFIX_HEADER = "BackButtonExample/BackButtonExample-Prefix.pch";
				INFOPLIST_FILE = "BackButtonExample/BackButtonExample-Info.plist";
				PRODUCT_NAME = "$(TARGET_NAME)";
				WRAPPER_EXTENSION = app;
			};
			name = Debug;
		};
		0C9E50081517FB6D00A599AA /* Release */ = {
			isa = XCBuildConfiguration;
			buildSettings = {
				GCC_PRECOMPILE_PREFIX_HEADER = YES;
				GCC_PREFIX_HEADER = "BackButtonExample/BackButtonExample-Prefix.pch";
				INFOPLIST_FILE = "BackButtonExample/BackButtonExample-Info.plist";
				PRODUCT_NAME = "$(TARGET_NAME)";
				WRAPPER_EXTENSION = app;
			};
			name = Release;
		};
/* End XCBuildConfiguration section */

/* Begin XCConfigurationList section */
		0C9E4FE21517FB6C00A599AA /* Build configuration list for PBXProject "BackButtonExample" */ = {
			isa = XCConfigurationList;
			buildConfigurations = (
				0C9E50041517FB6D00A599AA /* Debug */,
				0C9E50051517FB6D00A599AA /* Release */,
			);
			defaultConfigurationIsVisible = 0;
			defaultConfigurationName = Release;
		};
		0C9E50061517FB6D00A599AA /* Build configuration list for PBXNativeTarget "BackButtonExample" */ = {
			isa = XCConfigurationList;
			buildConfigurations = (
				0C9E50071517FB6D00A599AA /* Debug */,
				0C9E50081517FB6D00A599AA /* Release */,
			);
			defaultConfigurationIsVisible = 0;
		};
/* End XCConfigurationList section */
	};
	rootObject = 0C9E4FDF1517FB6C00A599AA /* Project object */;
}
